// !$*UTF8*$!
{
	archiveVersion = 1;
	classes = {
	};
	objectVersion = 46;
	objects = {

/* Begin PBXBuildFile section */
		151642341F9DB10E009F6044 /* main.swift in Sources */ = {isa = PBXBuildFile; fileRef = 151642331F9DB10E009F6044 /* main.swift */; };
		15DDDB132008803000465AAE /* FileSystem.swift in Sources */ = {isa = PBXBuildFile; fileRef = 15DDDB122008803000465AAE /* FileSystem.swift */; };
		15DDDB152008809F00465AAE /* DirectoryEntry.swift in Sources */ = {isa = PBXBuildFile; fileRef = 15DDDB142008809F00465AAE /* DirectoryEntry.swift */; };
		15DDDB17200880BC00465AAE /* Directory.swift in Sources */ = {isa = PBXBuildFile; fileRef = 15DDDB16200880BC00465AAE /* Directory.swift */; };
		15DDDB192008811500465AAE /* DataFile.swift in Sources */ = {isa = PBXBuildFile; fileRef = 15DDDB182008811500465AAE /* DataFile.swift */; };
		15DDDB1B2008813E00465AAE /* Sector.swift in Sources */ = {isa = PBXBuildFile; fileRef = 15DDDB1A2008813E00465AAE /* Sector.swift */; };
		15DDDB1D200882DC00465AAE /* Helper.swift in Sources */ = {isa = PBXBuildFile; fileRef = 15DDDB1C200882DC00465AAE /* Helper.swift */; };
/* End PBXBuildFile section */

/* Begin PBXCopyFilesBuildPhase section */
		1516422E1F9DB10E009F6044 /* CopyFiles */ = {
			isa = PBXCopyFilesBuildPhase;
			buildActionMask = 2147483647;
			dstPath = /usr/share/man/man1/;
			dstSubfolderSpec = 0;
			files = (
			);
			runOnlyForDeploymentPostprocessing = 1;
		};
/* End PBXCopyFilesBuildPhase section */

/* Begin PBXFileReference section */
		151642301F9DB10E009F6044 /* FileSystem */ = {isa = PBXFileReference; explicitFileType = "compiled.mach-o.executable"; includeInIndex = 0; path = FileSystem; sourceTree = BUILT_PRODUCTS_DIR; };
		151642331F9DB10E009F6044 /* main.swift */ = {isa = PBXFileReference; lastKnownFileType = sourcecode.swift; path = main.swift; sourceTree = "<group>"; };
		15DDDB122008803000465AAE /* FileSystem.swift */ = {isa = PBXFileReference; lastKnownFileType = sourcecode.swift; path = FileSystem.swift; sourceTree = "<group>"; };
		15DDDB142008809F00465AAE /* DirectoryEntry.swift */ = {isa = PBXFileReference; lastKnownFileType = sourcecode.swift; path = DirectoryEntry.swift; sourceTree = "<group>"; };
		15DDDB16200880BC00465AAE /* Directory.swift */ = {isa = PBXFileReference; lastKnownFileType = sourcecode.swift; path = Directory.swift; sourceTree = "<group>"; };
		15DDDB182008811500465AAE /* DataFile.swift */ = {isa = PBXFileReference; lastKnownFileType = sourcecode.swift; path = DataFile.swift; sourceTree = "<group>"; };
		15DDDB1A2008813E00465AAE /* Sector.swift */ = {isa = PBXFileReference; lastKnownFileType = sourcecode.swift; path = Sector.swift; sourceTree = "<group>"; };
		15DDDB1C200882DC00465AAE /* Helper.swift */ = {isa = PBXFileReference; lastKnownFileType = sourcecode.swift; path = Helper.swift; sourceTree = "<group>"; };
/* End PBXFileReference section */

/* Begin PBXFrameworksBuildPhase section */
		1516422D1F9DB10E009F6044 /* Frameworks */ = {
			isa = PBXFrameworksBuildPhase;
			buildActionMask = 2147483647;
			files = (
			);
			runOnlyForDeploymentPostprocessing = 0;
		};
/* End PBXFrameworksBuildPhase section */

/* Begin PBXGroup section */
		151642271F9DB10E009F6044 = {
			isa = PBXGroup;
			children = (
				151642321F9DB10E009F6044 /* FileSystem */,
				151642311F9DB10E009F6044 /* Products */,
			);
			sourceTree = "<group>";
		};
		151642311F9DB10E009F6044 /* Products */ = {
			isa = PBXGroup;
			children = (
				151642301F9DB10E009F6044 /* FileSystem */,
			);
			name = Products;
			sourceTree = "<group>";
		};
		151642321F9DB10E009F6044 /* FileSystem */ = {
			isa = PBXGroup;
			children = (
				15DDDB16200880BC00465AAE /* Directory.swift */,
				151642331F9DB10E009F6044 /* main.swift */,
				15DDDB122008803000465AAE /* FileSystem.swift */,
				15DDDB142008809F00465AAE /* DirectoryEntry.swift */,
				15DDDB182008811500465AAE /* DataFile.swift */,
				15DDDB1A2008813E00465AAE /* Sector.swift */,
				15DDDB1C200882DC00465AAE /* Helper.swift */,
			);
			path = FileSystem;
			sourceTree = "<group>";
		};
/* End PBXGroup section */

/* Begin PBXNativeTarget section */
		1516422F1F9DB10E009F6044 /* FileSystem */ = {
			isa = PBXNativeTarget;
			buildConfigurationList = 151642371F9DB10E009F6044 /* Build configuration list for PBXNativeTarget "FileSystem" */;
			buildPhases = (
				1516422C1F9DB10E009F6044 /* Sources */,
				1516422D1F9DB10E009F6044 /* Frameworks */,
				1516422E1F9DB10E009F6044 /* CopyFiles */,
			);
			buildRules = (
			);
			dependencies = (
			);
			name = FileSystem;
			productName = FileSystem;
			productReference = 151642301F9DB10E009F6044 /* FileSystem */;
			productType = "com.apple.product-type.tool";
		};
/* End PBXNativeTarget section */

/* Begin PBXProject section */
		151642281F9DB10E009F6044 /* Project object */ = {
			isa = PBXProject;
			attributes = {
				LastSwiftUpdateCheck = 0830;
				LastUpgradeCheck = 0830;
				ORGANIZATIONNAME = "Divya Basappa";
				TargetAttributes = {
					1516422F1F9DB10E009F6044 = {
						CreatedOnToolsVersion = 8.3.3;
						ProvisioningStyle = Automatic;
					};
				};
			};
			buildConfigurationList = 1516422B1F9DB10E009F6044 /* Build configuration list for PBXProject "FileSystem" */;
			compatibilityVersion = "Xcode 3.2";
			developmentRegion = English;
			hasScannedForEncodings = 0;
			knownRegions = (
				en,
			);
			mainGroup = 151642271F9DB10E009F6044;
			productRefGroup = 151642311F9DB10E009F6044 /* Products */;
			projectDirPath = "";
			projectRoot = "";
			targets = (
				1516422F1F9DB10E009F6044 /* FileSystem */,
			);
		};
/* End PBXProject section */

/* Begin PBXSourcesBuildPhase section */
		1516422C1F9DB10E009F6044 /* Sources */ = {
			isa = PBXSourcesBuildPhase;
			buildActionMask = 2147483647;
			files = (
				15DDDB152008809F00465AAE /* DirectoryEntry.swift in Sources */,
				15DDDB1D200882DC00465AAE /* Helper.swift in Sources */,
				15DDDB132008803000465AAE /* FileSystem.swift in Sources */,
				151642341F9DB10E009F6044 /* main.swift in Sources */,
				15DDDB17200880BC00465AAE /* Directory.swift in Sources */,
				15DDDB192008811500465AAE /* DataFile.swift in Sources */,
				15DDDB1B2008813E00465AAE /* Sector.swift in Sources */,
			);
			runOnlyForDeploymentPostprocessing = 0;
		};
/* End PBXSourcesBuildPhase section */

/* Begin XCBuildConfiguration section */
		151642351F9DB10E009F6044 /* Debug */ = {
			isa = XCBuildConfiguration;
			buildSettings = {
				ALWAYS_SEARCH_USER_PATHS = NO;
				CLANG_ANALYZER_NONNULL = YES;
				CLANG_ANALYZER_NUMBER_OBJECT_CONVERSION = YES_AGGRESSIVE;
				CLANG_CXX_LANGUAGE_STANDARD = "gnu++0x";
				CLANG_CXX_LIBRARY = "libc++";
				CLANG_ENABLE_MODULES = YES;
				CLANG_ENABLE_OBJC_ARC = YES;
				CLANG_WARN_BOOL_CONVERSION = YES;
				CLANG_WARN_CONSTANT_CONVERSION = YES;
				CLANG_WARN_DIRECT_OBJC_ISA_USAGE = YES_ERROR;
				CLANG_WARN_DOCUMENTATION_COMMENTS = YES;
				CLANG_WARN_EMPTY_BODY = YES;
				CLANG_WARN_ENUM_CONVERSION = YES;
				CLANG_WARN_INFINITE_RECURSION = YES;
				CLANG_WARN_INT_CONVERSION = YES;
				CLANG_WARN_OBJC_ROOT_CLASS = YES_ERROR;
				CLANG_WARN_SUSPICIOUS_MOVE = YES;
				CLANG_WARN_UNREACHABLE_CODE = YES;
				CLANG_WARN__DUPLICATE_METHOD_MATCH = YES;
				CODE_SIGN_IDENTITY = "-";
				COPY_PHASE_STRIP = NO;
				DEBUG_INFORMATION_FORMAT = dwarf;
				ENABLE_STRICT_OBJC_MSGSEND = YES;
				ENABLE_TESTABILITY = YES;
				GCC_C_LANGUAGE_STANDARD = gnu99;
				GCC_DYNAMIC_NO_PIC = NO;
				GCC_NO_COMMON_BLOCKS = YES;
				GCC_OPTIMIZATION_LEVEL = 0;
				GCC_PREPROCESSOR_DEFINITIONS = (
					"DEBUG=1",
					"$(inherited)",
				);
				GCC_WARN_64_TO_32_BIT_CONVERSION = YES;
				GCC_WARN_ABOUT_RETURN_TYPE = YES_ERROR;
				GCC_WARN_UNDECLARED_SELECTOR = YES;
				GCC_WARN_UNINITIALIZED_AUTOS = YES_AGGRESSIVE;
				GCC_WARN_UNUSED_FUNCTION = YES;
				GCC_WARN_UNUSED_VARIABLE = YES;
				MACOSX_DEPLOYMENT_TARGET = 10.12;
				MTL_ENABLE_DEBUG_INFO = YES;
				ONLY_ACTIVE_ARCH = YES;
				SDKROOT = macosx;
				SWIFT_OPTIMIZATION_LEVEL = "-Onone";
			};
			name = Debug;
		};
		151642361F9DB10E009F6044 /* Release */ = {
			isa = XCBuildConfiguration;
			buildSettings = {
				ALWAYS_SEARCH_USER_PATHS = NO;
				CLANG_ANALYZER_NONNULL = YES;
				CLANG_ANALYZER_NUMBER_OBJECT_CONVERSION = YES_AGGRESSIVE;
				CLANG_CXX_LANGUAGE_STANDARD = "gnu++0x";
				CLANG_CXX_LIBRARY = "libc++";
				CLANG_ENABLE_MODULES = YES;
				CLANG_ENABLE_OBJC_ARC = YES;
				CLANG_WARN_BOOL_CONVERSION = YES;
				CLANG_WARN_CONSTANT_CONVERSION = YES;
				CLANG_WARN_DIRECT_OBJC_ISA_USAGE = YES_ERROR;
				CLANG_WARN_DOCUMENTATION_COMMENTS = YES;
				CLANG_WARN_EMPTY_BODY = YES;
				CLANG_WARN_ENUM_CONVERSION = YES;
				CLANG_WARN_INFINITE_RECURSION = YES;
				CLANG_WARN_INT_CONVERSION = YES;
				CLANG_WARN_OBJC_ROOT_CLASS = YES_ERROR;
				CLANG_WARN_SUSPICIOUS_MOVE = YES;
				CLANG_WARN_UNREACHABLE_CODE = YES;
				CLANG_WARN__DUPLICATE_METHOD_MATCH = YES;
				CODE_SIGN_IDENTITY = "-";
				COPY_PHASE_STRIP = NO;
				DEBUG_INFORMATION_FORMAT = "dwarf-with-dsym";
				ENABLE_NS_ASSERTIONS = NO;
				ENABLE_STRICT_OBJC_MSGSEND = YES;
				GCC_C_LANGUAGE_STANDARD = gnu99;
				GCC_NO_COMMON_BLOCKS = YES;
				GCC_WARN_64_TO_32_BIT_CONVERSION = YES;
				GCC_WARN_ABOUT_RETURN_TYPE = YES_ERROR;
				GCC_WARN_UNDECLARED_SELECTOR = YES;
				GCC_WARN_UNINITIALIZED_AUTOS = YES_AGGRESSIVE;
				GCC_WARN_UNUSED_FUNCTION = YES;
				GCC_WARN_UNUSED_VARIABLE = YES;
				MACOSX_DEPLOYMENT_TARGET = 10.12;
				MTL_ENABLE_DEBUG_INFO = NO;
				SDKROOT = macosx;
			};
			name = Release;
		};
		151642381F9DB10E009F6044 /* Debug */ = {
			isa = XCBuildConfiguration;
			buildSettings = {
				PRODUCT_NAME = "$(TARGET_NAME)";
				SWIFT_VERSION = 3.0;
			};
			name = Debug;
		};
		151642391F9DB10E009F6044 /* Release */ = {
			isa = XCBuildConfiguration;
			buildSettings = {
				PRODUCT_NAME = "$(TARGET_NAME)";
				SWIFT_VERSION = 3.0;
			};
			name = Release;
		};
/* End XCBuildConfiguration section */

/* Begin XCConfigurationList section */
		1516422B1F9DB10E009F6044 /* Build configuration list for PBXProject "FileSystem" */ = {
			isa = XCConfigurationList;
			buildConfigurations = (
				151642351F9DB10E009F6044 /* Debug */,
				151642361F9DB10E009F6044 /* Release */,
			);
			defaultConfigurationIsVisible = 0;
			defaultConfigurationName = Release;
		};
		151642371F9DB10E009F6044 /* Build configuration list for PBXNativeTarget "FileSystem" */ = {
			isa = XCConfigurationList;
			buildConfigurations = (
				151642381F9DB10E009F6044 /* Debug */,
				151642391F9DB10E009F6044 /* Release */,
			);
			defaultConfigurationIsVisible = 0;
			defaultConfigurationName = Release;
		};
/* End XCConfigurationList section */
	};
	rootObject = 151642281F9DB10E009F6044 /* Project object */;
}
